
Microsoft Visual Studio Solution File, Format Version 12.00
# Visual Studio Version 17
VisualStudioVersion = 17.8.34330.188
MinimumVisualStudioVersion = 10.0.40219.1
Project("{FAE04EC0-301F-11D3-BF4B-00C04F79EFBC}") = "Plartform Service", "Plartform Service.csproj", "{157ACB69-D8C3-4558-89F7-A5E68EFC79FE}"
EndProject
Global
	GlobalSection(SolutionConfigurationPlatforms) = preSolution
		Debug|Any CPU = Debug|Any CPU
		Release|Any CPU = Release|Any CPU
	EndGlobalSection
	GlobalSection(ProjectConfigurationPlatforms) = postSolution
		{157ACB69-D8C3-4558-89F7-A5E68EFC79FE}.Debug|Any CPU.ActiveCfg = Debug|Any CPU
		{157ACB69-D8C3-4558-89F7-A5E68EFC79FE}.Debug|Any CPU.Build.0 = Debug|Any CPU
		{157ACB69-D8C3-4558-89F7-A5E68EFC79FE}.Release|Any CPU.ActiveCfg = Release|Any CPU
		{157ACB69-D8C3-4558-89F7-A5E68EFC79FE}.Release|Any CPU.Build.0 = Release|Any CPU
	EndGlobalSection
	GlobalSection(SolutionProperties) = preSolution
		HideSolutionNode = FALSE
	EndGlobalSection
	GlobalSection(ExtensibilityGlobals) = postSolution
		SolutionGuid = {F80E3114-624B-449A-AC0A-A521DCC26E5C}
	EndGlobalSection
EndGlobal
